// !$*UTF8*$!
{
	archiveVersion = 1;
	classes = {
	};
	objectVersion = 46;
	objects = {

/* Begin PBXBuildFile section */
		3BFCDB241C188251008010C5 /* AppDelegate.swift in Sources */ = {isa = PBXBuildFile; fileRef = 3BFCDB231C188251008010C5 /* AppDelegate.swift */; };
		3BFCDB2B1C188252008010C5 /* Main.storyboard in Resources */ = {isa = PBXBuildFile; fileRef = 3BFCDB291C188252008010C5 /* Main.storyboard */; };
		3BFCDB301C188253008010C5 /* LaunchScreen.storyboard in Resources */ = {isa = PBXBuildFile; fileRef = 3BFCDB2E1C188253008010C5 /* LaunchScreen.storyboard */; };
		3BFCDB3B1C188256008010C5 /* InfoSessionTests.swift in Sources */ = {isa = PBXBuildFile; fileRef = 3BFCDB3A1C188256008010C5 /* InfoSessionTests.swift */; };
		3BFCDB451C189A73008010C5 /* Assets.xcassets in Resources */ = {isa = PBXBuildFile; fileRef = 3BFCDB2C1C188253008010C5 /* Assets.xcassets */; };
		3BFCDB471C18A5B5008010C5 /* SessionTableViewCell.swift in Sources */ = {isa = PBXBuildFile; fileRef = 3BFCDB461C18A5B5008010C5 /* SessionTableViewCell.swift */; };
		3BFCDB4B1C18A7DE008010C5 /* Session.swift in Sources */ = {isa = PBXBuildFile; fileRef = 3BFCDB4A1C18A7DE008010C5 /* Session.swift */; };
		3BFCDB4D1C18ACA1008010C5 /* SessionTableViewController.swift in Sources */ = {isa = PBXBuildFile; fileRef = 3BFCDB4C1C18ACA1008010C5 /* SessionTableViewController.swift */; };
		42FA95741C4723DD00552304 /* SessionViewController.swift in Sources */ = {isa = PBXBuildFile; fileRef = 42FA95731C4723DD00552304 /* SessionViewController.swift */; };
/* End PBXBuildFile section */

/* Begin PBXContainerItemProxy section */
		3BFCDB371C188256008010C5 /* PBXContainerItemProxy */ = {
			isa = PBXContainerItemProxy;
			containerPortal = 3BFCDB181C188249008010C5 /* Project object */;
			proxyType = 1;
			remoteGlobalIDString = 3BFCDB1F1C18824C008010C5;
			remoteInfo = InfoSession;
		};
/* End PBXContainerItemProxy section */

/* Begin PBXFileReference section */
		3BFCDB201C18824F008010C5 /* UW Info Sessions.app */ = {isa = PBXFileReference; explicitFileType = wrapper.application; includeInIndex = 0; path = "UW Info Sessions.app"; sourceTree = BUILT_PRODUCTS_DIR; };
		3BFCDB231C188251008010C5 /* AppDelegate.swift */ = {isa = PBXFileReference; lastKnownFileType = sourcecode.swift; path = AppDelegate.swift; sourceTree = "<group>"; };
		3BFCDB2A1C188252008010C5 /* Base */ = {isa = PBXFileReference; lastKnownFileType = file.storyboard; name = Base; path = Base.lproj/Main.storyboard; sourceTree = "<group>"; };
		3BFCDB2C1C188253008010C5 /* Assets.xcassets */ = {isa = PBXFileReference; lastKnownFileType = folder.assetcatalog; path = Assets.xcassets; sourceTree = "<group>"; };
		3BFCDB2F1C188253008010C5 /* Base */ = {isa = PBXFileReference; lastKnownFileType = file.storyboard; name = Base; path = Base.lproj/LaunchScreen.storyboard; sourceTree = "<group>"; };
		3BFCDB311C188253008010C5 /* Info.plist */ = {isa = PBXFileReference; lastKnownFileType = text.plist.xml; path = Info.plist; sourceTree = "<group>"; };
		3BFCDB361C188256008010C5 /* InfoSessionTests.xctest */ = {isa = PBXFileReference; explicitFileType = wrapper.cfbundle; includeInIndex = 0; path = InfoSessionTests.xctest; sourceTree = BUILT_PRODUCTS_DIR; };
		3BFCDB3A1C188256008010C5 /* InfoSessionTests.swift */ = {isa = PBXFileReference; lastKnownFileType = sourcecode.swift; path = InfoSessionTests.swift; sourceTree = "<group>"; };
		3BFCDB3C1C188256008010C5 /* Info.plist */ = {isa = PBXFileReference; lastKnownFileType = text.plist.xml; path = Info.plist; sourceTree = "<group>"; };
		3BFCDB461C18A5B5008010C5 /* SessionTableViewCell.swift */ = {isa = PBXFileReference; fileEncoding = 4; lastKnownFileType = sourcecode.swift; path = SessionTableViewCell.swift; sourceTree = "<group>"; };
		3BFCDB4A1C18A7DE008010C5 /* Session.swift */ = {isa = PBXFileReference; fileEncoding = 4; lastKnownFileType = sourcecode.swift; path = Session.swift; sourceTree = "<group>"; };
		3BFCDB4C1C18ACA1008010C5 /* SessionTableViewController.swift */ = {isa = PBXFileReference; fileEncoding = 4; lastKnownFileType = sourcecode.swift; path = SessionTableViewController.swift; sourceTree = "<group>"; };
		42FA95731C4723DD00552304 /* SessionViewController.swift */ = {isa = PBXFileReference; fileEncoding = 4; lastKnownFileType = sourcecode.swift; path = SessionViewController.swift; sourceTree = "<group>"; };
/* End PBXFileReference section */

/* Begin PBXFrameworksBuildPhase section */
		3BFCDB1D1C18824C008010C5 /* Frameworks */ = {
			isa = PBXFrameworksBuildPhase;
			buildActionMask = 2147483647;
			files = (
			);
			runOnlyForDeploymentPostprocessing = 0;
		};
		3BFCDB331C188255008010C5 /* Frameworks */ = {
			isa = PBXFrameworksBuildPhase;
			buildActionMask = 2147483647;
			files = (
			);
			runOnlyForDeploymentPostprocessing = 0;
		};
/* End PBXFrameworksBuildPhase section */

/* Begin PBXGroup section */
		3BFCDB171C188249008010C5 = {
			isa = PBXGroup;
			children = (
				3BFCDB221C188251008010C5 /* InfoSession */,
				3BFCDB391C188256008010C5 /* InfoSessionTests */,
				3BFCDB211C18824F008010C5 /* Products */,
			);
			sourceTree = "<group>";
		};
		3BFCDB211C18824F008010C5 /* Products */ = {
			isa = PBXGroup;
			children = (
				3BFCDB201C18824F008010C5 /* UW Info Sessions.app */,
				3BFCDB361C188256008010C5 /* InfoSessionTests.xctest */,
			);
			name = Products;
			sourceTree = "<group>";
		};
		3BFCDB221C188251008010C5 /* InfoSession */ = {
			isa = PBXGroup;
			children = (
				3BFCDB231C188251008010C5 /* AppDelegate.swift */,
				3BFCDB291C188252008010C5 /* Main.storyboard */,
				3BFCDB461C18A5B5008010C5 /* SessionTableViewCell.swift */,
				3BFCDB4C1C18ACA1008010C5 /* SessionTableViewController.swift */,
				3BFCDB4A1C18A7DE008010C5 /* Session.swift */,
				3BFCDB2C1C188253008010C5 /* Assets.xcassets */,
				3BFCDB2E1C188253008010C5 /* LaunchScreen.storyboard */,
				3BFCDB311C188253008010C5 /* Info.plist */,
				42FA95731C4723DD00552304 /* SessionViewController.swift */,
			);
			path = InfoSession;
			sourceTree = "<group>";
		};
		3BFCDB391C188256008010C5 /* InfoSessionTests */ = {
			isa = PBXGroup;
			children = (
				3BFCDB3A1C188256008010C5 /* InfoSessionTests.swift */,
				3BFCDB3C1C188256008010C5 /* Info.plist */,
			);
			path = InfoSessionTests;
			sourceTree = "<group>";
		};
/* End PBXGroup section */

/* Begin PBXNativeTarget section */
		3BFCDB1F1C18824C008010C5 /* UW Info Sessions */ = {
			isa = PBXNativeTarget;
			buildConfigurationList = 3BFCDB3F1C188256008010C5 /* Build configuration list for PBXNativeTarget "UW Info Sessions" */;
			buildPhases = (
				3BFCDB1C1C18824C008010C5 /* Sources */,
				3BFCDB1D1C18824C008010C5 /* Frameworks */,
				3BFCDB1E1C18824C008010C5 /* Resources */,
			);
			buildRules = (
			);
			dependencies = (
			);
			name = "UW Info Sessions";
			productName = InfoSession;
			productReference = 3BFCDB201C18824F008010C5 /* UW Info Sessions.app */;
			productType = "com.apple.product-type.application";
		};
		3BFCDB351C188255008010C5 /* InfoSessionTests */ = {
			isa = PBXNativeTarget;
			buildConfigurationList = 3BFCDB421C188256008010C5 /* Build configuration list for PBXNativeTarget "InfoSessionTests" */;
			buildPhases = (
				3BFCDB321C188255008010C5 /* Sources */,
				3BFCDB331C188255008010C5 /* Frameworks */,
				3BFCDB341C188255008010C5 /* Resources */,
			);
			buildRules = (
			);
			dependencies = (
				3BFCDB381C188256008010C5 /* PBXTargetDependency */,
			);
			name = InfoSessionTests;
			productName = InfoSessionTests;
			productReference = 3BFCDB361C188256008010C5 /* InfoSessionTests.xctest */;
			productType = "com.apple.product-type.bundle.unit-test";
		};
/* End PBXNativeTarget section */

/* Begin PBXProject section */
		3BFCDB181C188249008010C5 /* Project object */ = {
			isa = PBXProject;
			attributes = {
				LastUpgradeCheck = 0710;
				ORGANIZATIONNAME = "Seun Makinde";
				TargetAttributes = {
					3BFCDB1F1C18824C008010C5 = {
						CreatedOnToolsVersion = 7.1;
						DevelopmentTeam = E37VXZTZJX;
					};
					3BFCDB351C188255008010C5 = {
						CreatedOnToolsVersion = 7.1;
						TestTargetID = 3BFCDB1F1C18824C008010C5;
					};
				};
			};
			buildConfigurationList = 3BFCDB1B1C18824A008010C5 /* Build configuration list for PBXProject "InfoSession" */;
			compatibilityVersion = "Xcode 3.2";
			developmentRegion = English;
			hasScannedForEncodings = 0;
			knownRegions = (
				en,
				Base,
			);
			mainGroup = 3BFCDB171C188249008010C5;
			productRefGroup = 3BFCDB211C18824F008010C5 /* Products */;
			projectDirPath = "";
			projectRoot = "";
			targets = (
				3BFCDB1F1C18824C008010C5 /* UW Info Sessions */,
				3BFCDB351C188255008010C5 /* InfoSessionTests */,
			);
		};
/* End PBXProject section */

/* Begin PBXResourcesBuildPhase section */
		3BFCDB1E1C18824C008010C5 /* Resources */ = {
			isa = PBXResourcesBuildPhase;
			buildActionMask = 2147483647;
			files = (
				3BFCDB301C188253008010C5 /* LaunchScreen.storyboard in Resources */,
				3BFCDB451C189A73008010C5 /* Assets.xcassets in Resources */,
				3BFCDB2B1C188252008010C5 /* Main.storyboard in Resources */,
			);
			runOnlyForDeploymentPostprocessing = 0;
		};
		3BFCDB341C188255008010C5 /* Resources */ = {
			isa = PBXResourcesBuildPhase;
			buildActionMask = 2147483647;
			files = (
			);
			runOnlyForDeploymentPostprocessing = 0;
		};
/* End PBXResourcesBuildPhase section */

/* Begin PBXSourcesBuildPhase section */
		3BFCDB1C1C18824C008010C5 /* Sources */ = {
			isa = PBXSourcesBuildPhase;
			buildActionMask = 2147483647;
			files = (
				3BFCDB471C18A5B5008010C5 /* SessionTableViewCell.swift in Sources */,
				42FA95741C4723DD00552304 /* SessionViewController.swift in Sources */,
				3BFCDB4D1C18ACA1008010C5 /* SessionTableViewController.swift in Sources */,
				3BFCDB4B1C18A7DE008010C5 /* Session.swift in Sources */,
				3BFCDB241C188251008010C5 /* AppDelegate.swift in Sources */,
			);
			runOnlyForDeploymentPostprocessing = 0;
		};
		3BFCDB321C188255008010C5 /* Sources */ = {
			isa = PBXSourcesBuildPhase;
			buildActionMask = 2147483647;
			files = (
				3BFCDB3B1C188256008010C5 /* InfoSessionTests.swift in Sources */,
			);
			runOnlyForDeploymentPostprocessing = 0;
		};
/* End PBXSourcesBuildPhase section */

/* Begin PBXTargetDependency section */
		3BFCDB381C188256008010C5 /* PBXTargetDependency */ = {
			isa = PBXTargetDependency;
			target = 3BFCDB1F1C18824C008010C5 /* UW Info Sessions */;
			targetProxy = 3BFCDB371C188256008010C5 /* PBXContainerItemProxy */;
		};
/* End PBXTargetDependency section */

/* Begin PBXVariantGroup section */
		3BFCDB291C188252008010C5 /* Main.storyboard */ = {
			isa = PBXVariantGroup;
			children = (
				3BFCDB2A1C188252008010C5 /* Base */,
			);
			name = Main.storyboard;
			sourceTree = "<group>";
		};
		3BFCDB2E1C188253008010C5 /* LaunchScreen.storyboard */ = {
			isa = PBXVariantGroup;
			children = (
				3BFCDB2F1C188253008010C5 /* Base */,
			);
			name = LaunchScreen.storyboard;
			sourceTree = "<group>";
		};
/* End PBXVariantGroup section */

/* Begin XCBuildConfiguration section */
		3BFCDB3D1C188256008010C5 /* Debug */ = {
			isa = XCBuildConfiguration;
			buildSettings = {
				ALWAYS_SEARCH_USER_PATHS = NO;
				CLANG_CXX_LANGUAGE_STANDARD = "gnu++0x";
				CLANG_CXX_LIBRARY = "libc++";
				CLANG_ENABLE_MODULES = YES;
				CLANG_ENABLE_OBJC_ARC = YES;
				CLANG_WARN_BOOL_CONVERSION = YES;
				CLANG_WARN_CONSTANT_CONVERSION = YES;
				CLANG_WARN_DIRECT_OBJC_ISA_USAGE = YES_ERROR;
				CLANG_WARN_EMPTY_BODY = YES;
				CLANG_WARN_ENUM_CONVERSION = YES;
				CLANG_WARN_INT_CONVERSION = YES;
				CLANG_WARN_OBJC_ROOT_CLASS = YES_ERROR;
				CLANG_WARN_UNREACHABLE_CODE = YES;
				CLANG_WARN__DUPLICATE_METHOD_MATCH = YES;
				"CODE_SIGN_IDENTITY[sdk=iphoneos*]" = "iPhone Developer";
				COPY_PHASE_STRIP = NO;
				DEBUG_INFORMATION_FORMAT = dwarf;
				ENABLE_STRICT_OBJC_MSGSEND = YES;
				ENABLE_TESTABILITY = YES;
				GCC_C_LANGUAGE_STANDARD = gnu99;
				GCC_DYNAMIC_NO_PIC = NO;
				GCC_NO_COMMON_BLOCKS = YES;
				GCC_OPTIMIZATION_LEVEL = 0;
				GCC_PREPROCESSOR_DEFINITIONS = (
					"DEBUG=1",
					"$(inherited)",
				);
				GCC_WARN_64_TO_32_BIT_CONVERSION = YES;
				GCC_WARN_ABOUT_RETURN_TYPE = YES_ERROR;
				GCC_WARN_UNDECLARED_SELECTOR = YES;
				GCC_WARN_UNINITIALIZED_AUTOS = YES_AGGRESSIVE;
				GCC_WARN_UNUSED_FUNCTION = YES;
				GCC_WARN_UNUSED_VARIABLE = YES;
				IPHONEOS_DEPLOYMENT_TARGET = 9.1;
				MTL_ENABLE_DEBUG_INFO = YES;
				ONLY_ACTIVE_ARCH = YES;
				SDKROOT = iphoneos;
				SWIFT_OPTIMIZATION_LEVEL = "-Onone";
				TARGETED_DEVICE_FAMILY = "1,2";
			};
			name = Debug;
		};
		3BFCDB3E1C188256008010C5 /* Release */ = {
			isa = XCBuildConfiguration;
			buildSettings = {
				ALWAYS_SEARCH_USER_PATHS = NO;
				CLANG_CXX_LANGUAGE_STANDARD = "gnu++0x";
				CLANG_CXX_LIBRARY = "libc++";
				CLANG_ENABLE_MODULES = YES;
				CLANG_ENABLE_OBJC_ARC = YES;
				CLANG_WARN_BOOL_CONVERSION = YES;
				CLANG_WARN_CONSTANT_CONVERSION = YES;
				CLANG_WARN_DIRECT_OBJC_ISA_USAGE = YES_ERROR;
				CLANG_WARN_EMPTY_BODY = YES;
				CLANG_WARN_ENUM_CONVERSION = YES;
				CLANG_WARN_INT_CONVERSION = YES;
				CLANG_WARN_OBJC_ROOT_CLASS = YES_ERROR;
				CLANG_WARN_UNREACHABLE_CODE = YES;
				CLANG_WARN__DUPLICATE_METHOD_MATCH = YES;
				"CODE_SIGN_IDENTITY[sdk=iphoneos*]" = "iPhone Developer";
				COPY_PHASE_STRIP = NO;
				DEBUG_INFORMATION_FORMAT = "dwarf-with-dsym";
				ENABLE_NS_ASSERTIONS = NO;
				ENABLE_STRICT_OBJC_MSGSEND = YES;
				GCC_C_LANGUAGE_STANDARD = gnu99;
				GCC_NO_COMMON_BLOCKS = YES;
				GCC_WARN_64_TO_32_BIT_CONVERSION = YES;
				GCC_WARN_ABOUT_RETURN_TYPE = YES_ERROR;
				GCC_WARN_UNDECLARED_SELECTOR = YES;
				GCC_WARN_UNINITIALIZED_AUTOS = YES_AGGRESSIVE;
				GCC_WARN_UNUSED_FUNCTION = YES;
				GCC_WARN_UNUSED_VARIABLE = YES;
				IPHONEOS_DEPLOYMENT_TARGET = 9.1;
				MTL_ENABLE_DEBUG_INFO = NO;
				SDKROOT = iphoneos;
				TARGETED_DEVICE_FAMILY = "1,2";
				VALIDATE_PRODUCT = YES;
			};
			name = Release;
		};
		3BFCDB401C188256008010C5 /* Debug */ = {
			isa = XCBuildConfiguration;
			buildSettings = {
				ASSETCATALOG_COMPILER_APPICON_NAME = AppIcon;
				CODE_SIGN_IDENTITY = "iPhone Developer: Seun Makinde (725Y9LM3DC)";
				"CODE_SIGN_IDENTITY[sdk=iphoneos*]" = "iPhone Developer: Seun Makinde (725Y9LM3DC)";
				INFOPLIST_FILE = InfoSession/Info.plist;
				LD_RUNPATH_SEARCH_PATHS = "$(inherited) @executable_path/Frameworks";
				PRODUCT_BUNDLE_IDENTIFIER = com.oluwaseunmakinde.UWInfoSession;
				PRODUCT_NAME = "$(TARGET_NAME)";
				PROVISIONING_PROFILE = "";
			};
			name = Debug;
		};
		3BFCDB411C188256008010C5 /* Release */ = {
			isa = XCBuildConfiguration;
			buildSettings = {
				ASSETCATALOG_COMPILER_APPICON_NAME = AppIcon;
				CODE_SIGN_IDENTITY = "iPhone Distribution: Seun Makinde (E37VXZTZJX)";
				"CODE_SIGN_IDENTITY[sdk=iphoneos*]" = "iPhone Distribution: Seun Makinde (E37VXZTZJX)";
				INFOPLIST_FILE = InfoSession/Info.plist;
				LD_RUNPATH_SEARCH_PATHS = "$(inherited) @executable_path/Frameworks";
				PRODUCT_BUNDLE_IDENTIFIER = com.oluwaseunmakinde.UWInfoSession;
				PRODUCT_NAME = "$(TARGET_NAME)";
				PROVISIONING_PROFILE = "";
			};
			name = Release;
		};
		3BFCDB431C188256008010C5 /* Debug */ = {
			isa = XCBuildConfiguration;
			buildSettings = {
				BUNDLE_LOADER = "$(TEST_HOST)";
				INFOPLIST_FILE = InfoSessionTests/Info.plist;
				LD_RUNPATH_SEARCH_PATHS = "$(inherited) @executable_path/Frameworks @loader_path/Frameworks";
				PRODUCT_BUNDLE_IDENTIFIER = com.example.InfoSessionTests;
				PRODUCT_NAME = "$(TARGET_NAME)";
				TEST_HOST = "$(BUILT_PRODUCTS_DIR)/InfoSession.app/InfoSession";
			};
			name = Debug;
		};
		3BFCDB441C188256008010C5 /* Release */ = {
			isa = XCBuildConfiguration;
			buildSettings = {
				BUNDLE_LOADER = "$(TEST_HOST)";
				INFOPLIST_FILE = InfoSessionTests/Info.plist;
				LD_RUNPATH_SEARCH_PATHS = "$(inherited) @executable_path/Frameworks @loader_path/Frameworks";
				PRODUCT_BUNDLE_IDENTIFIER = com.example.InfoSessionTests;
				PRODUCT_NAME = "$(TARGET_NAME)";
				TEST_HOST = "$(BUILT_PRODUCTS_DIR)/InfoSession.app/InfoSession";
			};
			name = Release;
		};
/* End XCBuildConfiguration section */

/* Begin XCConfigurationList section */
		3BFCDB1B1C18824A008010C5 /* Build configuration list for PBXProject "InfoSession" */ = {
			isa = XCConfigurationList;
			buildConfigurations = (
				3BFCDB3D1C188256008010C5 /* Debug */,
				3BFCDB3E1C188256008010C5 /* Release */,
			);
			defaultConfigurationIsVisible = 0;
			defaultConfigurationName = Release;
		};
		3BFCDB3F1C188256008010C5 /* Build configuration list for PBXNativeTarget "UW Info Sessions" */ = {
			isa = XCConfigurationList;
			buildConfigurations = (
				3BFCDB401C188256008010C5 /* Debug */,
				3BFCDB411C188256008010C5 /* Release */,
			);
			defaultConfigurationIsVisible = 0;
			defaultConfigurationName = Release;
		};
		3BFCDB421C188256008010C5 /* Build configuration list for PBXNativeTarget "InfoSessionTests" */ = {
			isa = XCConfigurationList;
			buildConfigurations = (
				3BFCDB431C188256008010C5 /* Debug */,
				3BFCDB441C188256008010C5 /* Release */,
			);
			defaultConfigurationIsVisible = 0;
			defaultConfigurationName = Release;
		};
/* End XCConfigurationList section */
	};
	rootObject = 3BFCDB181C188249008010C5 /* Project object */;
}
